
Microsoft Visual Studio Solution File, Format Version 12.00
# Visual Studio 15
VisualStudioVersion = 15.0.28010.2019
MinimumVisualStudioVersion = 10.0.40219.1
Project("{FAE04EC0-301F-11D3-BF4B-00C04F79EFBC}") = "ViewsPractice", "ViewsPractice\ViewsPractice.csproj", "{F994550B-5A1A-4147-BB6F-277AE8EC159B}"
EndProject
Global
	GlobalSection(SolutionConfigurationPlatforms) = preSolution
		Debug|Any CPU = Debug|Any CPU
		Release|Any CPU = Release|Any CPU
	EndGlobalSection
	GlobalSection(ProjectConfigurationPlatforms) = postSolution
		{F994550B-5A1A-4147-BB6F-277AE8EC159B}.Debug|Any CPU.ActiveCfg = Debug|Any CPU
		{F994550B-5A1A-4147-BB6F-277AE8EC159B}.Debug|Any CPU.Build.0 = Debug|Any CPU
		{F994550B-5A1A-4147-BB6F-277AE8EC159B}.Release|Any CPU.ActiveCfg = Release|Any CPU
		{F994550B-5A1A-4147-BB6F-277AE8EC159B}.Release|Any CPU.Build.0 = Release|Any CPU
	EndGlobalSection
	GlobalSection(SolutionProperties) = preSolution
		HideSolutionNode = FALSE
	EndGlobalSection
	GlobalSection(ExtensibilityGlobals) = postSolution
		SolutionGuid = {255ACCC9-B4F9-43DF-BBE4-B028D4EDEDEA}
	EndGlobalSection
EndGlobal
